
Microsoft Visual Studio Solution File, Format Version 12.00
# Visual Studio Version 17
VisualStudioVersion = 17.5.002.0
MinimumVisualStudioVersion = 10.0.40219.1
Project("{9A19103F-16F7-4668-BE54-9A1E7A4F7556}") = "EasyParseUseCase", "EasyParseUseCase.csproj", "{F1356DE9-98CB-4C9C-A0C9-2A380AF81312}"
EndProject
Global
	GlobalSection(SolutionConfigurationPlatforms) = preSolution
		Debug|Any CPU = Debug|Any CPU
		Release|Any CPU = Release|Any CPU
	EndGlobalSection
	GlobalSection(ProjectConfigurationPlatforms) = postSolution
		{F1356DE9-98CB-4C9C-A0C9-2A380AF81312}.Debug|Any CPU.ActiveCfg = Debug|Any CPU
		{F1356DE9-98CB-4C9C-A0C9-2A380AF81312}.Debug|Any CPU.Build.0 = Debug|Any CPU
		{F1356DE9-98CB-4C9C-A0C9-2A380AF81312}.Release|Any CPU.ActiveCfg = Release|Any CPU
		{F1356DE9-98CB-4C9C-A0C9-2A380AF81312}.Release|Any CPU.Build.0 = Release|Any CPU
	EndGlobalSection
	GlobalSection(SolutionProperties) = preSolution
		HideSolutionNode = FALSE
	EndGlobalSection
	GlobalSection(ExtensibilityGlobals) = postSolution
		SolutionGuid = {31488769-B482-4B40-AEC1-865C4297B8D6}
	EndGlobalSection
EndGlobal
